
Microsoft Visual Studio Solution File, Format Version 12.00
# Visual Studio 15
VisualStudioVersion = 15.0.27130.2027
MinimumVisualStudioVersion = 10.0.40219.1
Project("{8BC9CEB8-8B4A-11D0-8D11-00A0C91BC942}") = "AIRapfi", "AIRapFi\AIRapFi.vcxproj", "{EB96E0F8-4A36-4F96-90DD-FFC4E84D10D4}"
EndProject
Project("{8BC9CEB8-8B4A-11D0-8D11-00A0C91BC942}") = "EvalGen", "EvalGen\EvalGen.vcxproj", "{D53DE9A3-7F01-417D-A0B3-452BFD505B4E}"
EndProject
Global
	GlobalSection(SolutionConfigurationPlatforms) = preSolution
		Debug|x64 = Debug|x64
		Debug|x86 = Debug|x86
		Release|x64 = Release|x64
		Release|x86 = Release|x86
	EndGlobalSection
	GlobalSection(ProjectConfigurationPlatforms) = postSolution
		{EB96E0F8-4A36-4F96-90DD-FFC4E84D10D4}.Debug|x64.ActiveCfg = Debug|x64
		{EB96E0F8-4A36-4F96-90DD-FFC4E84D10D4}.Debug|x64.Build.0 = Debug|x64
		{EB96E0F8-4A36-4F96-90DD-FFC4E84D10D4}.Debug|x86.ActiveCfg = Debug|Win32
		{EB96E0F8-4A36-4F96-90DD-FFC4E84D10D4}.Debug|x86.Build.0 = Debug|Win32
		{EB96E0F8-4A36-4F96-90DD-FFC4E84D10D4}.Release|x64.ActiveCfg = Release|x64
		{EB96E0F8-4A36-4F96-90DD-FFC4E84D10D4}.Release|x64.Build.0 = Release|x64
		{EB96E0F8-4A36-4F96-90DD-FFC4E84D10D4}.Release|x86.ActiveCfg = Release|Win32
		{EB96E0F8-4A36-4F96-90DD-FFC4E84D10D4}.Release|x86.Build.0 = Release|Win32
		{D53DE9A3-7F01-417D-A0B3-452BFD505B4E}.Debug|x64.ActiveCfg = Debug|x64
		{D53DE9A3-7F01-417D-A0B3-452BFD505B4E}.Debug|x64.Build.0 = Debug|x64
		{D53DE9A3-7F01-417D-A0B3-452BFD505B4E}.Debug|x86.ActiveCfg = Debug|Win32
		{D53DE9A3-7F01-417D-A0B3-452BFD505B4E}.Debug|x86.Build.0 = Debug|Win32
		{D53DE9A3-7F01-417D-A0B3-452BFD505B4E}.Release|x64.ActiveCfg = Release|x64
		{D53DE9A3-7F01-417D-A0B3-452BFD505B4E}.Release|x64.Build.0 = Release|x64
		{D53DE9A3-7F01-417D-A0B3-452BFD505B4E}.Release|x86.ActiveCfg = Release|Win32
		{D53DE9A3-7F01-417D-A0B3-452BFD505B4E}.Release|x86.Build.0 = Release|Win32
	EndGlobalSection
	GlobalSection(SolutionProperties) = preSolution
		HideSolutionNode = FALSE
	EndGlobalSection
	GlobalSection(ExtensibilityGlobals) = postSolution
		SolutionGuid = {211FF9DE-B3F5-4EB8-B9BC-241E5055BFE1}
	EndGlobalSection
	GlobalSection(Performance) = preSolution
		HasPerformanceSessions = true
	EndGlobalSection
EndGlobal
